Microsoft Visual Studio Solution File, Format Version 12.00
# Visual Studio Version 17
VisualStudioVersion = 17.5.2.0
MinimumVisualStudioVersion = 10.0.40219.1
Project("{FAE04EC0-301F-11D3-BF4B-00C04F79EFBC}") = "fleetmanagement", "fleetmanagement.csproj", "{6A510137-BBEF-62BE-7CB4-D7C3C473477E}"
EndProject
Global
	GlobalSection(SolutionConfigurationPlatforms) = preSolution
		Debug|Any CPU = Debug|Any CPU
		Release|Any CPU = Release|Any CPU
	EndGlobalSection
	GlobalSection(ProjectConfigurationPlatforms) = postSolution
		{6A510137-BBEF-62BE-7CB4-D7C3C473477E}.Debug|Any CPU.ActiveCfg = Debug|Any CPU
		{6A510137-BBEF-62BE-7CB4-D7C3C473477E}.Debug|Any CPU.Build.0 = Debug|Any CPU
		{6A510137-BBEF-62BE-7CB4-D7C3C473477E}.Release|Any CPU.ActiveCfg = Release|Any CPU
		{6A510137-BBEF-62BE-7CB4-D7C3C473477E}.Release|Any CPU.Build.0 = Release|Any CPU
	EndGlobalSection
	GlobalSection(SolutionProperties) = preSolution
		HideSolutionNode = FALSE
	EndGlobalSection
	GlobalSection(ExtensibilityGlobals) = postSolution
		SolutionGuid = {95011D74-2CFD-4D59-AC67-1BB1DB795031}
	EndGlobalSection
EndGlobal
